// !$*UTF8*$!
{
	archiveVersion = 1;
	classes = {
	};
	objectVersion = 50;
	objects = {

/* Begin PBXBuildFile section */
		B011D72D25BE04E9005496A4 /* AppDelegate.swift in Sources */ = {isa = PBXBuildFile; fileRef = B011D72C25BE04E9005496A4 /* AppDelegate.swift */; };
		B011D72F25BE04E9005496A4 /* ViewController.swift in Sources */ = {isa = PBXBuildFile; fileRef = B011D72E25BE04E9005496A4 /* ViewController.swift */; };
		B011D73125BE04EA005496A4 /* Assets.xcassets in Resources */ = {isa = PBXBuildFile; fileRef = B011D73025BE04EA005496A4 /* Assets.xcassets */; };
		B011D73425BE04EA005496A4 /* Main.storyboard in Resources */ = {isa = PBXBuildFile; fileRef = B011D73225BE04EA005496A4 /* Main.storyboard */; };
		B011D74525BE0EEF005496A4 /* vpnextender.c in Sources */ = {isa = PBXBuildFile; fileRef = B011D74025BE0EEF005496A4 /* vpnextender.c */; };
		B011D74625BE0EEF005496A4 /* vpnxtcp.c in Sources */ = {isa = PBXBuildFile; fileRef = B011D74125BE0EEF005496A4 /* vpnxtcp.c */; };
		B011D74725BE0EEF005496A4 /* vpnxprtproxy.c in Sources */ = {isa = PBXBuildFile; fileRef = B011D74225BE0EEF005496A4 /* vpnxprtproxy.c */; };
		B072819225C707D600466082 /* remotetab.swift in Sources */ = {isa = PBXBuildFile; fileRef = B072819025C707D600466082 /* remotetab.swift */; };
		B072819725C707EE00466082 /* localtab.swift in Sources */ = {isa = PBXBuildFile; fileRef = B072819525C707EE00466082 /* localtab.swift */; };
		B072819C25C7080000466082 /* statstab.swift in Sources */ = {isa = PBXBuildFile; fileRef = B072819A25C7080000466082 /* statstab.swift */; };
		B07281AC25C72FAD00466082 /* advancedtab.swift in Sources */ = {isa = PBXBuildFile; fileRef = B07281AB25C72FAD00466082 /* advancedtab.swift */; };
		B07281B025C83B3300466082 /* extendertab.swift in Sources */ = {isa = PBXBuildFile; fileRef = B07281AF25C83B3300466082 /* extendertab.swift */; };
/* End PBXBuildFile section */

/* Begin PBXFileReference section */
		B011D72925BE04E9005496A4 /* vpnextender.app */ = {isa = PBXFileReference; explicitFileType = wrapper.application; includeInIndex = 0; path = vpnextender.app; sourceTree = BUILT_PRODUCTS_DIR; };
		B011D72C25BE04E9005496A4 /* AppDelegate.swift */ = {isa = PBXFileReference; lastKnownFileType = sourcecode.swift; path = AppDelegate.swift; sourceTree = "<group>"; };
		B011D72E25BE04E9005496A4 /* ViewController.swift */ = {isa = PBXFileReference; lastKnownFileType = sourcecode.swift; path = ViewController.swift; sourceTree = "<group>"; };
		B011D73025BE04EA005496A4 /* Assets.xcassets */ = {isa = PBXFileReference; lastKnownFileType = folder.assetcatalog; path = Assets.xcassets; sourceTree = "<group>"; };
		B011D73325BE04EA005496A4 /* Base */ = {isa = PBXFileReference; lastKnownFileType = file.storyboard; name = Base; path = Base.lproj/Main.storyboard; sourceTree = "<group>"; };
		B011D73525BE04EA005496A4 /* Info.plist */ = {isa = PBXFileReference; lastKnownFileType = text.plist.xml; path = Info.plist; sourceTree = "<group>"; };
		B011D73625BE04EA005496A4 /* vpnextender.entitlements */ = {isa = PBXFileReference; lastKnownFileType = text.plist.entitlements; path = vpnextender.entitlements; sourceTree = "<group>"; };
		B011D73F25BE0EEF005496A4 /* vpnextender-Bridging-Header.h */ = {isa = PBXFileReference; lastKnownFileType = sourcecode.c.h; path = "vpnextender-Bridging-Header.h"; sourceTree = "<group>"; };
		B011D74025BE0EEF005496A4 /* vpnextender.c */ = {isa = PBXFileReference; fileEncoding = 4; lastKnownFileType = sourcecode.c.c; name = vpnextender.c; path = ../../common/vpnextender.c; sourceTree = "<group>"; };
		B011D74125BE0EEF005496A4 /* vpnxtcp.c */ = {isa = PBXFileReference; fileEncoding = 4; lastKnownFileType = sourcecode.c.c; name = vpnxtcp.c; path = ../../common/vpnxtcp.c; sourceTree = "<group>"; };
		B011D74225BE0EEF005496A4 /* vpnxprtproxy.c */ = {isa = PBXFileReference; fileEncoding = 4; lastKnownFileType = sourcecode.c.c; name = vpnxprtproxy.c; path = ../../common/vpnxprtproxy.c; sourceTree = "<group>"; };
		B011D74B25BE13BF005496A4 /* vpnextender.h */ = {isa = PBXFileReference; fileEncoding = 4; lastKnownFileType = sourcecode.c.h; name = vpnextender.h; path = ../../common/vpnextender.h; sourceTree = "<group>"; };
		B011D74C25BE13BF005496A4 /* vpnxtcp.h */ = {isa = PBXFileReference; fileEncoding = 4; lastKnownFileType = sourcecode.c.h; name = vpnxtcp.h; path = ../../common/vpnxtcp.h; sourceTree = "<group>"; };
		B072819025C707D600466082 /* remotetab.swift */ = {isa = PBXFileReference; lastKnownFileType = sourcecode.swift; path = remotetab.swift; sourceTree = "<group>"; };
		B072819525C707EE00466082 /* localtab.swift */ = {isa = PBXFileReference; lastKnownFileType = sourcecode.swift; path = localtab.swift; sourceTree = "<group>"; };
		B072819A25C7080000466082 /* statstab.swift */ = {isa = PBXFileReference; lastKnownFileType = sourcecode.swift; path = statstab.swift; sourceTree = "<group>"; };
		B07281AB25C72FAD00466082 /* advancedtab.swift */ = {isa = PBXFileReference; lastKnownFileType = sourcecode.swift; path = advancedtab.swift; sourceTree = "<group>"; };
		B07281AF25C83B3300466082 /* extendertab.swift */ = {isa = PBXFileReference; lastKnownFileType = sourcecode.swift; path = extendertab.swift; sourceTree = "<group>"; };
/* End PBXFileReference section */

/* Begin PBXFrameworksBuildPhase section */
		B011D72625BE04E9005496A4 /* Frameworks */ = {
			isa = PBXFrameworksBuildPhase;
			buildActionMask = 2147483647;
			files = (
			);
			runOnlyForDeploymentPostprocessing = 0;
		};
/* End PBXFrameworksBuildPhase section */

/* Begin PBXGroup section */
		B011D72025BE04E9005496A4 = {
			isa = PBXGroup;
			children = (
				B011D72B25BE04E9005496A4 /* vpnextender */,
				B011D72A25BE04E9005496A4 /* Products */,
			);
			sourceTree = "<group>";
		};
		B011D72A25BE04E9005496A4 /* Products */ = {
			isa = PBXGroup;
			children = (
				B011D72925BE04E9005496A4 /* vpnextender.app */,
			);
			name = Products;
			sourceTree = "<group>";
		};
		B011D72B25BE04E9005496A4 /* vpnextender */ = {
			isa = PBXGroup;
			children = (
				B011D74B25BE13BF005496A4 /* vpnextender.h */,
				B011D74C25BE13BF005496A4 /* vpnxtcp.h */,
				B011D74025BE0EEF005496A4 /* vpnextender.c */,
				B072819A25C7080000466082 /* statstab.swift */,
				B072819025C707D600466082 /* remotetab.swift */,
				B072819525C707EE00466082 /* localtab.swift */,
				B07281AF25C83B3300466082 /* extendertab.swift */,
				B07281AB25C72FAD00466082 /* advancedtab.swift */,
				B011D74225BE0EEF005496A4 /* vpnxprtproxy.c */,
				B011D74125BE0EEF005496A4 /* vpnxtcp.c */,
				B011D72C25BE04E9005496A4 /* AppDelegate.swift */,
				B011D72E25BE04E9005496A4 /* ViewController.swift */,
				B011D73025BE04EA005496A4 /* Assets.xcassets */,
				B011D73225BE04EA005496A4 /* Main.storyboard */,
				B011D73525BE04EA005496A4 /* Info.plist */,
				B011D73625BE04EA005496A4 /* vpnextender.entitlements */,
				B011D73F25BE0EEF005496A4 /* vpnextender-Bridging-Header.h */,
			);
			path = vpnextender;
			sourceTree = "<group>";
		};
/* End PBXGroup section */

/* Begin PBXNativeTarget section */
		B011D72825BE04E9005496A4 /* vpnextender */ = {
			isa = PBXNativeTarget;
			buildConfigurationList = B011D73925BE04EA005496A4 /* Build configuration list for PBXNativeTarget "vpnextender" */;
			buildPhases = (
				B011D72525BE04E9005496A4 /* Sources */,
				B011D72625BE04E9005496A4 /* Frameworks */,
				B011D72725BE04E9005496A4 /* Resources */,
			);
			buildRules = (
			);
			dependencies = (
			);
			name = vpnextender;
			productName = vpnextender;
			productReference = B011D72925BE04E9005496A4 /* vpnextender.app */;
			productType = "com.apple.product-type.application";
		};
/* End PBXNativeTarget section */

/* Begin PBXProject section */
		B011D72125BE04E9005496A4 /* Project object */ = {
			isa = PBXProject;
			attributes = {
				LastSwiftUpdateCheck = 1230;
				LastUpgradeCheck = 1240;
				TargetAttributes = {
					B011D72825BE04E9005496A4 = {
						CreatedOnToolsVersion = 12.3;
						LastSwiftMigration = 1230;
					};
				};
			};
			buildConfigurationList = B011D72425BE04E9005496A4 /* Build configuration list for PBXProject "vpnextender" */;
			compatibilityVersion = "Xcode 9.3";
			developmentRegion = en;
			hasScannedForEncodings = 0;
			knownRegions = (
				en,
				Base,
			);
			mainGroup = B011D72025BE04E9005496A4;
			productRefGroup = B011D72A25BE04E9005496A4 /* Products */;
			projectDirPath = "";
			projectRoot = "";
			targets = (
				B011D72825BE04E9005496A4 /* vpnextender */,
			);
		};
/* End PBXProject section */

/* Begin PBXResourcesBuildPhase section */
		B011D72725BE04E9005496A4 /* Resources */ = {
			isa = PBXResourcesBuildPhase;
			buildActionMask = 2147483647;
			files = (
				B011D73125BE04EA005496A4 /* Assets.xcassets in Resources */,
				B011D73425BE04EA005496A4 /* Main.storyboard in Resources */,
			);
			runOnlyForDeploymentPostprocessing = 0;
		};
/* End PBXResourcesBuildPhase section */

/* Begin PBXSourcesBuildPhase section */
		B011D72525BE04E9005496A4 /* Sources */ = {
			isa = PBXSourcesBuildPhase;
			buildActionMask = 2147483647;
			files = (
				B011D72F25BE04E9005496A4 /* ViewController.swift in Sources */,
				B072819725C707EE00466082 /* localtab.swift in Sources */,
				B011D74725BE0EEF005496A4 /* vpnxprtproxy.c in Sources */,
				B011D74625BE0EEF005496A4 /* vpnxtcp.c in Sources */,
				B07281AC25C72FAD00466082 /* advancedtab.swift in Sources */,
				B011D74525BE0EEF005496A4 /* vpnextender.c in Sources */,
				B011D72D25BE04E9005496A4 /* AppDelegate.swift in Sources */,
				B072819225C707D600466082 /* remotetab.swift in Sources */,
				B07281B025C83B3300466082 /* extendertab.swift in Sources */,
				B072819C25C7080000466082 /* statstab.swift in Sources */,
			);
			runOnlyForDeploymentPostprocessing = 0;
		};
/* End PBXSourcesBuildPhase section */

/* Begin PBXVariantGroup section */
		B011D73225BE04EA005496A4 /* Main.storyboard */ = {
			isa = PBXVariantGroup;
			children = (
				B011D73325BE04EA005496A4 /* Base */,
			);
			name = Main.storyboard;
			sourceTree = "<group>";
		};
/* End PBXVariantGroup section */

/* Begin XCBuildConfiguration section */
		B011D73725BE04EA005496A4 /* Debug */ = {
			isa = XCBuildConfiguration;
			buildSettings = {
				ALWAYS_SEARCH_USER_PATHS = NO;
				CLANG_ANALYZER_NONNULL = YES;
				CLANG_ANALYZER_NUMBER_OBJECT_CONVERSION = YES_AGGRESSIVE;
				CLANG_CXX_LANGUAGE_STANDARD = "gnu++14";
				CLANG_CXX_LIBRARY = "libc++";
				CLANG_ENABLE_MODULES = YES;
				CLANG_ENABLE_OBJC_ARC = YES;
				CLANG_ENABLE_OBJC_WEAK = YES;
				CLANG_WARN_BLOCK_CAPTURE_AUTORELEASING = YES;
				CLANG_WARN_BOOL_CONVERSION = YES;
				CLANG_WARN_COMMA = YES;
				CLANG_WARN_CONSTANT_CONVERSION = YES;
				CLANG_WARN_DEPRECATED_OBJC_IMPLEMENTATIONS = YES;
				CLANG_WARN_DIRECT_OBJC_ISA_USAGE = YES_ERROR;
				CLANG_WARN_DOCUMENTATION_COMMENTS = YES;
				CLANG_WARN_EMPTY_BODY = YES;
				CLANG_WARN_ENUM_CONVERSION = YES;
				CLANG_WARN_INFINITE_RECURSION = YES;
				CLANG_WARN_INT_CONVERSION = YES;
				CLANG_WARN_NON_LITERAL_NULL_CONVERSION = YES;
				CLANG_WARN_OBJC_IMPLICIT_RETAIN_SELF = YES;
				CLANG_WARN_OBJC_LITERAL_CONVERSION = YES;
				CLANG_WARN_OBJC_ROOT_CLASS = YES_ERROR;
				CLANG_WARN_QUOTED_INCLUDE_IN_FRAMEWORK_HEADER = YES;
				CLANG_WARN_RANGE_LOOP_ANALYSIS = YES;
				CLANG_WARN_STRICT_PROTOTYPES = YES;
				CLANG_WARN_SUSPICIOUS_MOVE = YES;
				CLANG_WARN_UNGUARDED_AVAILABILITY = YES_AGGRESSIVE;
				CLANG_WARN_UNREACHABLE_CODE = YES;
				CLANG_WARN__DUPLICATE_METHOD_MATCH = YES;
				"CODE_SIGN_ENTITLEMENTS[sdk=*]" = "";
				COPY_PHASE_STRIP = NO;
				DEBUG_INFORMATION_FORMAT = dwarf;
				ENABLE_STRICT_OBJC_MSGSEND = YES;
				ENABLE_TESTABILITY = YES;
				GCC_C_LANGUAGE_STANDARD = gnu11;
				GCC_DYNAMIC_NO_PIC = NO;
				GCC_NO_COMMON_BLOCKS = YES;
				GCC_OPTIMIZATION_LEVEL = 0;
				GCC_PREPROCESSOR_DEFINITIONS = (
					"VPNX_GUI=1",
					"DEBUG=1",
					"$(inherited)",
				);
				GCC_WARN_64_TO_32_BIT_CONVERSION = YES;
				GCC_WARN_ABOUT_RETURN_TYPE = YES_ERROR;
				GCC_WARN_UNDECLARED_SELECTOR = YES;
				GCC_WARN_UNINITIALIZED_AUTOS = YES_AGGRESSIVE;
				GCC_WARN_UNUSED_FUNCTION = YES;
				GCC_WARN_UNUSED_VARIABLE = YES;
				MACOSX_DEPLOYMENT_TARGET = 10.10;
				MTL_ENABLE_DEBUG_INFO = INCLUDE_SOURCE;
				MTL_FAST_MATH = YES;
				ONLY_ACTIVE_ARCH = YES;
				SDKROOT = macosx;
				SWIFT_ACTIVE_COMPILATION_CONDITIONS = DEBUG;
				SWIFT_OPTIMIZATION_LEVEL = "-Onone";
			};
			name = Debug;
		};
		B011D73825BE04EA005496A4 /* Release */ = {
			isa = XCBuildConfiguration;
			buildSettings = {
				ALWAYS_SEARCH_USER_PATHS = NO;
				CLANG_ANALYZER_NONNULL = YES;
				CLANG_ANALYZER_NUMBER_OBJECT_CONVERSION = YES_AGGRESSIVE;
				CLANG_CXX_LANGUAGE_STANDARD = "gnu++14";
				CLANG_CXX_LIBRARY = "libc++";
				CLANG_ENABLE_MODULES = YES;
				CLANG_ENABLE_OBJC_ARC = YES;
				CLANG_ENABLE_OBJC_WEAK = YES;
				CLANG_WARN_BLOCK_CAPTURE_AUTORELEASING = YES;
				CLANG_WARN_BOOL_CONVERSION = YES;
				CLANG_WARN_COMMA = YES;
				CLANG_WARN_CONSTANT_CONVERSION = YES;
				CLANG_WARN_DEPRECATED_OBJC_IMPLEMENTATIONS = YES;
				CLANG_WARN_DIRECT_OBJC_ISA_USAGE = YES_ERROR;
				CLANG_WARN_DOCUMENTATION_COMMENTS = YES;
				CLANG_WARN_EMPTY_BODY = YES;
				CLANG_WARN_ENUM_CONVERSION = YES;
				CLANG_WARN_INFINITE_RECURSION = YES;
				CLANG_WARN_INT_CONVERSION = YES;
				CLANG_WARN_NON_LITERAL_NULL_CONVERSION = YES;
				CLANG_WARN_OBJC_IMPLICIT_RETAIN_SELF = YES;
				CLANG_WARN_OBJC_LITERAL_CONVERSION = YES;
				CLANG_WARN_OBJC_ROOT_CLASS = YES_ERROR;
				CLANG_WARN_QUOTED_INCLUDE_IN_FRAMEWORK_HEADER = YES;
				CLANG_WARN_RANGE_LOOP_ANALYSIS = YES;
				CLANG_WARN_STRICT_PROTOTYPES = YES;
				CLANG_WARN_SUSPICIOUS_MOVE = YES;
				CLANG_WARN_UNGUARDED_AVAILABILITY = YES_AGGRESSIVE;
				CLANG_WARN_UNREACHABLE_CODE = YES;
				CLANG_WARN__DUPLICATE_METHOD_MATCH = YES;
				COPY_PHASE_STRIP = NO;
				DEBUG_INFORMATION_FORMAT = "dwarf-with-dsym";
				ENABLE_NS_ASSERTIONS = NO;
				ENABLE_STRICT_OBJC_MSGSEND = YES;
				GCC_C_LANGUAGE_STANDARD = gnu11;
				GCC_NO_COMMON_BLOCKS = YES;
				"GCC_PREPROCESSOR_DEFINITIONS[arch=*]" = (
					"VPNX_GUI=1",
					OSX,
				);
				GCC_WARN_64_TO_32_BIT_CONVERSION = YES;
				GCC_WARN_ABOUT_RETURN_TYPE = YES_ERROR;
				GCC_WARN_UNDECLARED_SELECTOR = YES;
				GCC_WARN_UNINITIALIZED_AUTOS = YES_AGGRESSIVE;
				GCC_WARN_UNUSED_FUNCTION = YES;
				GCC_WARN_UNUSED_VARIABLE = YES;
				MACOSX_DEPLOYMENT_TARGET = 10.10;
				MTL_ENABLE_DEBUG_INFO = NO;
				MTL_FAST_MATH = YES;
				SDKROOT = macosx;
				SWIFT_COMPILATION_MODE = wholemodule;
				SWIFT_OPTIMIZATION_LEVEL = "-O";
			};
			name = Release;
		};
		B011D73A25BE04EA005496A4 /* Debug */ = {
			isa = XCBuildConfiguration;
			buildSettings = {
				ASSETCATALOG_COMPILER_APPICON_NAME = AppIcon;
				ASSETCATALOG_COMPILER_GLOBAL_ACCENT_COLOR_NAME = AccentColor;
				CLANG_ENABLE_MODULES = YES;
				CODE_SIGN_ENTITLEMENTS = vpnextender/vpnextender.entitlements;
				CODE_SIGN_IDENTITY = "-";
				CODE_SIGN_STYLE = Automatic;
				COMBINE_HIDPI_IMAGES = YES;
				DEVELOPMENT_TEAM = P9Z8AH24CY;
				ENABLE_HARDENED_RUNTIME = YES;
				GCC_PREPROCESSOR_DEFINITIONS = (
					"DEBUG=1",
					"$(inherited)",
					VPNX_GUI,
					OSX,
				);
				INFOPLIST_FILE = vpnextender/Info.plist;
				LD_RUNPATH_SEARCH_PATHS = (
					"$(inherited)",
					"@executable_path/../Frameworks",
				);
				MACOSX_DEPLOYMENT_TARGET = 10.11;
				PRODUCT_BUNDLE_IDENTIFIER = bdodge.vpnextender;
				PRODUCT_NAME = "$(TARGET_NAME)";
				SWIFT_OBJC_BRIDGING_HEADER = "vpnextender/vpnextender-Bridging-Header.h";
				SWIFT_OPTIMIZATION_LEVEL = "-Onone";
				SWIFT_VERSION = 5.0;
			};
			name = Debug;
		};
		B011D73B25BE04EA005496A4 /* Release */ = {
			isa = XCBuildConfiguration;
			buildSettings = {
				ASSETCATALOG_COMPILER_APPICON_NAME = AppIcon;
				ASSETCATALOG_COMPILER_GLOBAL_ACCENT_COLOR_NAME = AccentColor;
				CLANG_ENABLE_MODULES = YES;
				CODE_SIGN_ENTITLEMENTS = vpnextender/vpnextender.entitlements;
				CODE_SIGN_IDENTITY = "-";
				CODE_SIGN_STYLE = Automatic;
				COMBINE_HIDPI_IMAGES = YES;
				DEVELOPMENT_TEAM = P9Z8AH24CY;
				ENABLE_HARDENED_RUNTIME = YES;
				INFOPLIST_FILE = vpnextender/Info.plist;
				LD_RUNPATH_SEARCH_PATHS = (
					"$(inherited)",
					"@executable_path/../Frameworks",
				);
				MACOSX_DEPLOYMENT_TARGET = 10.11;
				PRODUCT_BUNDLE_IDENTIFIER = bdodge.vpnextender;
				PRODUCT_NAME = "$(TARGET_NAME)";
				SWIFT_OBJC_BRIDGING_HEADER = "vpnextender/vpnextender-Bridging-Header.h";
				SWIFT_VERSION = 5.0;
			};
			name = Release;
		};
/* End XCBuildConfiguration section */

/* Begin XCConfigurationList section */
		B011D72425BE04E9005496A4 /* Build configuration list for PBXProject "vpnextender" */ = {
			isa = XCConfigurationList;
			buildConfigurations = (
				B011D73725BE04EA005496A4 /* Debug */,
				B011D73825BE04EA005496A4 /* Release */,
			);
			defaultConfigurationIsVisible = 0;
			defaultConfigurationName = Release;
		};
		B011D73925BE04EA005496A4 /* Build configuration list for PBXNativeTarget "vpnextender" */ = {
			isa = XCConfigurationList;
			buildConfigurations = (
				B011D73A25BE04EA005496A4 /* Debug */,
				B011D73B25BE04EA005496A4 /* Release */,
			);
			defaultConfigurationIsVisible = 0;
			defaultConfigurationName = Release;
		};
/* End XCConfigurationList section */
	};
	rootObject = B011D72125BE04E9005496A4 /* Project object */;
}
